
Microsoft Visual Studio Solution File, Format Version 12.00
# Visual Studio Version 17
VisualStudioVersion = 17.11.35222.181
MinimumVisualStudioVersion = 10.0.40219.1
Project("{FAE04EC0-301F-11D3-BF4B-00C04F79EFBC}") = "FlashDriveEncryptor", "FlashDriveEncryptor\FlashDriveEncryptor.csproj", "{E1522996-68E4-477E-B2CB-92EC80A81385}"
EndProject
Global
	GlobalSection(SolutionConfigurationPlatforms) = preSolution
		Debug|Any CPU = Debug|Any CPU
		Release|Any CPU = Release|Any CPU
	EndGlobalSection
	GlobalSection(ProjectConfigurationPlatforms) = postSolution
		{E1522996-68E4-477E-B2CB-92EC80A81385}.Debug|Any CPU.ActiveCfg = Debug|Any CPU
		{E1522996-68E4-477E-B2CB-92EC80A81385}.Debug|Any CPU.Build.0 = Debug|Any CPU
		{E1522996-68E4-477E-B2CB-92EC80A81385}.Release|Any CPU.ActiveCfg = Release|Any CPU
		{E1522996-68E4-477E-B2CB-92EC80A81385}.Release|Any CPU.Build.0 = Release|Any CPU
	EndGlobalSection
	GlobalSection(SolutionProperties) = preSolution
		HideSolutionNode = FALSE
	EndGlobalSection
	GlobalSection(ExtensibilityGlobals) = postSolution
		SolutionGuid = {9BCC53DE-9398-43EB-9510-397435648B30}
	EndGlobalSection
EndGlobal
